
Microsoft Visual Studio Solution File, Format Version 12.00
# Visual Studio Version 17
VisualStudioVersion = 17.13.35931.197
MinimumVisualStudioVersion = 10.0.40219.1
Project("{2150E333-8FDC-42A3-9474-1A3956D46DE8}") = "Solution Items", "Solution Items", "{8EC462FD-D22E-90A8-E5CE-7E832BA40C5D}"
	ProjectSection(SolutionItems) = preProject
		docker-compose.yml = docker-compose.yml
	EndProjectSection
EndProject
Project("{FAE04EC0-301F-11D3-BF4B-00C04F79EFBC}") = "OrderService.Api", "src\OrderService.Api\OrderService.Api.csproj", "{2D7BE1B2-F691-27DA-525B-3C5BF04D1E08}"
EndProject
Project("{FAE04EC0-301F-11D3-BF4B-00C04F79EFBC}") = "OrderService.Shared", "src\OrderService.Shared\OrderService.Shared.csproj", "{95D6395E-2FF0-E380-E072-0A5B4FA1ECA2}"
EndProject
Project("{FAE04EC0-301F-11D3-BF4B-00C04F79EFBC}") = "OrderService.Worker", "src\OrderService.Worker\OrderService.Worker.csproj", "{C1CCCB53-ECC1-7E32-A2B1-EEAFC4CC5319}"
EndProject
Project("{FAE04EC0-301F-11D3-BF4B-00C04F79EFBC}") = "OrderService.Infrastructure", "src\OrderService.Infrastructure\OrderService.Infrastructure.csproj", "{0E75518A-FC34-4EC9-AA51-AC047496A56B}"
EndProject
Global
	GlobalSection(SolutionConfigurationPlatforms) = preSolution
		Debug|Any CPU = Debug|Any CPU
		Release|Any CPU = Release|Any CPU
	EndGlobalSection
	GlobalSection(ProjectConfigurationPlatforms) = postSolution
		{2D7BE1B2-F691-27DA-525B-3C5BF04D1E08}.Debug|Any CPU.ActiveCfg = Debug|Any CPU
		{2D7BE1B2-F691-27DA-525B-3C5BF04D1E08}.Debug|Any CPU.Build.0 = Debug|Any CPU
		{2D7BE1B2-F691-27DA-525B-3C5BF04D1E08}.Release|Any CPU.ActiveCfg = Release|Any CPU
		{2D7BE1B2-F691-27DA-525B-3C5BF04D1E08}.Release|Any CPU.Build.0 = Release|Any CPU
		{95D6395E-2FF0-E380-E072-0A5B4FA1ECA2}.Debug|Any CPU.ActiveCfg = Debug|Any CPU
		{95D6395E-2FF0-E380-E072-0A5B4FA1ECA2}.Debug|Any CPU.Build.0 = Debug|Any CPU
		{95D6395E-2FF0-E380-E072-0A5B4FA1ECA2}.Release|Any CPU.ActiveCfg = Release|Any CPU
		{95D6395E-2FF0-E380-E072-0A5B4FA1ECA2}.Release|Any CPU.Build.0 = Release|Any CPU
		{C1CCCB53-ECC1-7E32-A2B1-EEAFC4CC5319}.Debug|Any CPU.ActiveCfg = Debug|Any CPU
		{C1CCCB53-ECC1-7E32-A2B1-EEAFC4CC5319}.Debug|Any CPU.Build.0 = Debug|Any CPU
		{C1CCCB53-ECC1-7E32-A2B1-EEAFC4CC5319}.Release|Any CPU.ActiveCfg = Release|Any CPU
		{C1CCCB53-ECC1-7E32-A2B1-EEAFC4CC5319}.Release|Any CPU.Build.0 = Release|Any CPU
		{0E75518A-FC34-4EC9-AA51-AC047496A56B}.Debug|Any CPU.ActiveCfg = Debug|Any CPU
		{0E75518A-FC34-4EC9-AA51-AC047496A56B}.Debug|Any CPU.Build.0 = Debug|Any CPU
		{0E75518A-FC34-4EC9-AA51-AC047496A56B}.Release|Any CPU.ActiveCfg = Release|Any CPU
		{0E75518A-FC34-4EC9-AA51-AC047496A56B}.Release|Any CPU.Build.0 = Release|Any CPU
	EndGlobalSection
	GlobalSection(SolutionProperties) = preSolution
		HideSolutionNode = FALSE
	EndGlobalSection
	GlobalSection(ExtensibilityGlobals) = postSolution
		SolutionGuid = {A2BC07FD-0217-4F29-A2D4-8DA5823D0062}
	EndGlobalSection
EndGlobal
